
Microsoft Visual Studio Solution File, Format Version 12.00
# Visual Studio Version 17
VisualStudioVersion = 17.6.33815.320
MinimumVisualStudioVersion = 10.0.40219.1
Project("{FAE04EC0-301F-11D3-BF4B-00C04F79EFBC}") = "WindowsFormsApp2", "WindowsFormsApp2\WindowsFormsApp2.csproj", "{4BD65433-47BC-4900-960C-7B8B42ACF263}"
EndProject
Global
	GlobalSection(SolutionConfigurationPlatforms) = preSolution
		Debug|Any CPU = Debug|Any CPU
		Release|Any CPU = Release|Any CPU
	EndGlobalSection
	GlobalSection(ProjectConfigurationPlatforms) = postSolution
		{4BD65433-47BC-4900-960C-7B8B42ACF263}.Debug|Any CPU.ActiveCfg = Debug|Any CPU
		{4BD65433-47BC-4900-960C-7B8B42ACF263}.Debug|Any CPU.Build.0 = Debug|Any CPU
		{4BD65433-47BC-4900-960C-7B8B42ACF263}.Release|Any CPU.ActiveCfg = Release|Any CPU
		{4BD65433-47BC-4900-960C-7B8B42ACF263}.Release|Any CPU.Build.0 = Release|Any CPU
	EndGlobalSection
	GlobalSection(SolutionProperties) = preSolution
		HideSolutionNode = FALSE
	EndGlobalSection
	GlobalSection(ExtensibilityGlobals) = postSolution
		SolutionGuid = {923E0CBB-5AB0-418E-AB9B-8C6ACA9CD8C7}
	EndGlobalSection
EndGlobal
